
Microsoft Visual Studio Solution File, Format Version 12.00
# Visual Studio 2012
Project("{FAE04EC0-301F-11D3-BF4B-00C04F79EFBC}") = "XamarinFormsFirebaseApp", "XamarinFormsFirebaseApp\XamarinFormsFirebaseApp.csproj", "{A8625E79-D93F-4C23-8016-DEA1F7FE65ED}"
EndProject
Project("{FAE04EC0-301F-11D3-BF4B-00C04F79EFBC}") = "XamarinFormsFirebaseApp.iOS", "iOS\XamarinFormsFirebaseApp.iOS.csproj", "{1E2BE106-2C54-4CFC-9334-10A017D40536}"
EndProject
Project("{FAE04EC0-301F-11D3-BF4B-00C04F79EFBC}") = "XamarinFormsFirebaseApp.Droid", "Droid\XamarinFormsFirebaseApp.Droid.csproj", "{DEEDF995-7526-4C85-8B0B-791A421CB71D}"
EndProject
Global
	GlobalSection(SolutionConfigurationPlatforms) = preSolution
		Debug|Any CPU = Debug|Any CPU
		Release|Any CPU = Release|Any CPU
		Debug|iPhoneSimulator = Debug|iPhoneSimulator
		Release|iPhone = Release|iPhone
		Release|iPhoneSimulator = Release|iPhoneSimulator
		Debug|iPhone = Debug|iPhone
	EndGlobalSection
	GlobalSection(ProjectConfigurationPlatforms) = postSolution
		{A8625E79-D93F-4C23-8016-DEA1F7FE65ED}.Debug|Any CPU.ActiveCfg = Debug|Any CPU
		{A8625E79-D93F-4C23-8016-DEA1F7FE65ED}.Debug|Any CPU.Build.0 = Debug|Any CPU
		{A8625E79-D93F-4C23-8016-DEA1F7FE65ED}.Release|Any CPU.ActiveCfg = Release|Any CPU
		{A8625E79-D93F-4C23-8016-DEA1F7FE65ED}.Release|Any CPU.Build.0 = Release|Any CPU
		{A8625E79-D93F-4C23-8016-DEA1F7FE65ED}.Debug|iPhoneSimulator.ActiveCfg = Debug|Any CPU
		{A8625E79-D93F-4C23-8016-DEA1F7FE65ED}.Debug|iPhoneSimulator.Build.0 = Debug|Any CPU
		{A8625E79-D93F-4C23-8016-DEA1F7FE65ED}.Release|iPhone.ActiveCfg = Release|Any CPU
		{A8625E79-D93F-4C23-8016-DEA1F7FE65ED}.Release|iPhone.Build.0 = Release|Any CPU
		{A8625E79-D93F-4C23-8016-DEA1F7FE65ED}.Release|iPhoneSimulator.ActiveCfg = Release|Any CPU
		{A8625E79-D93F-4C23-8016-DEA1F7FE65ED}.Release|iPhoneSimulator.Build.0 = Release|Any CPU
		{A8625E79-D93F-4C23-8016-DEA1F7FE65ED}.Debug|iPhone.ActiveCfg = Debug|Any CPU
		{A8625E79-D93F-4C23-8016-DEA1F7FE65ED}.Debug|iPhone.Build.0 = Debug|Any CPU
		{1E2BE106-2C54-4CFC-9334-10A017D40536}.Debug|Any CPU.ActiveCfg = Debug|iPhoneSimulator
		{1E2BE106-2C54-4CFC-9334-10A017D40536}.Debug|Any CPU.Build.0 = Debug|iPhoneSimulator
		{1E2BE106-2C54-4CFC-9334-10A017D40536}.Release|Any CPU.ActiveCfg = Release|iPhone
		{1E2BE106-2C54-4CFC-9334-10A017D40536}.Release|Any CPU.Build.0 = Release|iPhone
		{1E2BE106-2C54-4CFC-9334-10A017D40536}.Debug|iPhoneSimulator.ActiveCfg = Debug|iPhoneSimulator
		{1E2BE106-2C54-4CFC-9334-10A017D40536}.Debug|iPhoneSimulator.Build.0 = Debug|iPhoneSimulator
		{1E2BE106-2C54-4CFC-9334-10A017D40536}.Release|iPhone.ActiveCfg = Release|iPhone
		{1E2BE106-2C54-4CFC-9334-10A017D40536}.Release|iPhone.Build.0 = Release|iPhone
		{1E2BE106-2C54-4CFC-9334-10A017D40536}.Release|iPhoneSimulator.ActiveCfg = Release|iPhoneSimulator
		{1E2BE106-2C54-4CFC-9334-10A017D40536}.Release|iPhoneSimulator.Build.0 = Release|iPhoneSimulator
		{1E2BE106-2C54-4CFC-9334-10A017D40536}.Debug|iPhone.ActiveCfg = Debug|iPhone
		{1E2BE106-2C54-4CFC-9334-10A017D40536}.Debug|iPhone.Build.0 = Debug|iPhone
		{DEEDF995-7526-4C85-8B0B-791A421CB71D}.Debug|Any CPU.ActiveCfg = Debug|Any CPU
		{DEEDF995-7526-4C85-8B0B-791A421CB71D}.Debug|Any CPU.Build.0 = Debug|Any CPU
		{DEEDF995-7526-4C85-8B0B-791A421CB71D}.Release|Any CPU.ActiveCfg = Release|Any CPU
		{DEEDF995-7526-4C85-8B0B-791A421CB71D}.Release|Any CPU.Build.0 = Release|Any CPU
		{DEEDF995-7526-4C85-8B0B-791A421CB71D}.Debug|iPhoneSimulator.ActiveCfg = Debug|Any CPU
		{DEEDF995-7526-4C85-8B0B-791A421CB71D}.Debug|iPhoneSimulator.Build.0 = Debug|Any CPU
		{DEEDF995-7526-4C85-8B0B-791A421CB71D}.Release|iPhone.ActiveCfg = Release|Any CPU
		{DEEDF995-7526-4C85-8B0B-791A421CB71D}.Release|iPhone.Build.0 = Release|Any CPU
		{DEEDF995-7526-4C85-8B0B-791A421CB71D}.Release|iPhoneSimulator.ActiveCfg = Release|Any CPU
		{DEEDF995-7526-4C85-8B0B-791A421CB71D}.Release|iPhoneSimulator.Build.0 = Release|Any CPU
		{DEEDF995-7526-4C85-8B0B-791A421CB71D}.Debug|iPhone.ActiveCfg = Debug|Any CPU
		{DEEDF995-7526-4C85-8B0B-791A421CB71D}.Debug|iPhone.Build.0 = Debug|Any CPU
	EndGlobalSection
EndGlobal
